// !$*UTF8*$!
{
	archiveVersion = 1;
	classes = {
	};
	objectVersion = 46;
	objects = {
/* Begin PBXBuildFile section */
		0207DA581B56EA530066E2B4 /* Images.xcassets in Resources */ = {isa = PBXBuildFile; fileRef = 0207DA571B56EA530066E2B4 /* Images.xcassets */; };
		1D3623260D0F684500981E51 /* AppDelegate.m in Sources */ = {isa = PBXBuildFile; fileRef = 1D3623250D0F684500981E51 /* AppDelegate.m */; };
		1D60589B0D05DD56006BFB54 /* main.m in Sources */ = {isa = PBXBuildFile; fileRef = 29B97316FDCFA39411CA2CEA /* main.m */; };
		301BF552109A68D80062928A /* libCordova.a in Frameworks */ = {isa = PBXBuildFile; fileRef = 301BF535109A57CC0062928A /* libCordova.a */; };
		302D95F114D2391D003F00A1 /* MainViewController.m in Sources */ = {isa = PBXBuildFile; fileRef = 302D95EF14D2391D003F00A1 /* MainViewController.m */; };
		302D95F214D2391D003F00A1 /* MainViewController.xib in Resources */ = {isa = PBXBuildFile; fileRef = 302D95F014D2391D003F00A1 /* MainViewController.xib */; };
		3047A5121AB8059700498E2A /* build-debug.xcconfig in Resources */ = {isa = PBXBuildFile; fileRef = 3047A50F1AB8059700498E2A /* build-debug.xcconfig */; };
		3047A5131AB8059700498E2A /* build-release.xcconfig in Resources */ = {isa = PBXBuildFile; fileRef = 3047A5101AB8059700498E2A /* build-release.xcconfig */; };
		3047A5141AB8059700498E2A /* build.xcconfig in Resources */ = {isa = PBXBuildFile; fileRef = 3047A5111AB8059700498E2A /* build.xcconfig */; };
		6AFF5BF91D6E424B00AB3073 /* CDVLaunchScreen.storyboard in Resources */ = {isa = PBXBuildFile; fileRef = 6AFF5BF81D6E424B00AB3073 /* CDVLaunchScreen.storyboard */; };
		DC3AD7679F0F4D52AAC4EFCE /* CDVBarcodeScanner.mm in Resources */ = {isa = PBXBuildFile; fileRef = 5FCC93DD15174E6CAD9F059D /* CDVBarcodeScanner.mm */; settings = {COMPILER_FLAGS = "-fno-objc-arc"; }; };
		3FE1032B095543C083A72E34 /* zxing-all-in-one.cpp in Resources */ = {isa = PBXBuildFile; fileRef = 8A6D3B0ED75C4E9E8E43899A /* zxing-all-in-one.cpp */; };
		8076CCEF5C104ECABF7EB514 /* scannerOverlay.xib in Resources */ = {isa = PBXBuildFile; fileRef = 167534FB1BDF435D9F84C2F7 /* scannerOverlay.xib */; };
		81390C2B65984F91B2E9E3F9 /* libiconv.dylib in Frameworks */ = {isa = PBXBuildFile; fileRef = 74ED3C0380DB4312A5BFDAF6 /* libiconv.dylib */; };
		4E98C0AC270C4F4F92782B73 /* AVFoundation.framework in Frameworks */ = {isa = PBXBuildFile; fileRef = 41E616594A1147ECBBAB2153 /* AVFoundation.framework */; };
		D17514CF263646288325200E /* CoreVideo.framework in Frameworks */ = {isa = PBXBuildFile; fileRef = 8BF4C1F4D6114C0484BCF943 /* CoreVideo.framework */; };
		592B47B6ED1D4DD0A3DFEEAA /* QuartzCore.framework in Frameworks */ = {isa = PBXBuildFile; fileRef = 8CA77B70C57240F29D5D97CF /* QuartzCore.framework */; };
		33C7B7B0E8824FAEBC5DBAE7 /* CDVLocation.m in Sources */ = {isa = PBXBuildFile; fileRef = EF42900C4C0D44B7AD4B2032 /* CDVLocation.m */; };
		76405BBBED0948018BFD494A /* CoreLocation.framework in Frameworks */ = {isa = PBXBuildFile; fileRef = 51E0DFEB254041228988331A /* CoreLocation.framework */; };
		5D5972321E5F4388BE7EAA93 /* GoogleMaps.bundle in Resources */ = {isa = PBXBuildFile; fileRef = C0D48B415A1A43CCA8292E07 /* GoogleMaps.bundle */; };
		350744B4AA294C3A9980B325 /* Accelerate.framework in Frameworks */ = {isa = PBXBuildFile; fileRef = 393AE151CECD4561A219150E /* Accelerate.framework */; };
		197EAEDA10E74F99BA597FBC /* CoreData.framework in Frameworks */ = {isa = PBXBuildFile; fileRef = A14FA17069EE49298DD3DF86 /* CoreData.framework */; };
		565FCFFF2039491EAF18E1A3 /* CoreText.framework in Frameworks */ = {isa = PBXBuildFile; fileRef = BBA73C239C984A5BB947B51A /* CoreText.framework */; };
		13D025A2503B45299ECA32EA /* GLKit.framework in Frameworks */ = {isa = PBXBuildFile; fileRef = 14277F27AEDB400183511957 /* GLKit.framework */; };
		0811D0017E50446B97297CB8 /* ImageIO.framework in Frameworks */ = {isa = PBXBuildFile; fileRef = DD0B9CB3D6D64885A5B07E8E /* ImageIO.framework */; };
		377644D9CD0540E79B098407 /* libc++.tbd in Frameworks */ = {isa = PBXBuildFile; fileRef = 9B0A374FE65F4C6EBBF934D7 /* libc++.tbd */; };
		E714466009634F4C94B01E01 /* libz.tbd in Frameworks */ = {isa = PBXBuildFile; fileRef = 1243AED11B504C4CBC9AF9D9 /* libz.tbd */; };
		B157AB881CF54938A927D7D6 /* OpenGLES.framework in Frameworks */ = {isa = PBXBuildFile; fileRef = 2C71273FB2D0457FB60AEC6F /* OpenGLES.framework */; };
		A699D29AF34643CC8BC4F294 /* SystemConfiguration.framework in Frameworks */ = {isa = PBXBuildFile; fileRef = F8166020E3AB4CB394BFBF66 /* SystemConfiguration.framework */; };
		F4E1C06DFA67427D8658021E /* UIKit.framework in Frameworks */ = {isa = PBXBuildFile; fileRef = 0F2B97EB3BAA4129AAE1640D /* UIKit.framework */; };
		F633C0BBFE634126B20C171E /* GoogleMapsBase.framework in Frameworks */ = {isa = PBXBuildFile; fileRef = 5B102508B6704F3182939774 /* GoogleMapsBase.framework */; };
		C7D09ECC72924A31A28732CC /* GoogleMaps.framework in Frameworks */ = {isa = PBXBuildFile; fileRef = BE67D211592F40ADA55E5D3D /* GoogleMaps.framework */; };
		A96A062F0FA842DA8C8B47C8 /* GoogleMapsCore.framework in Frameworks */ = {isa = PBXBuildFile; fileRef = DCC55A7D5D764A1C8D5A37D9 /* GoogleMapsCore.framework */; };
		90AD235E87D94681B4D5A1DD /* Circle.m in Sources */ = {isa = PBXBuildFile; fileRef = 1CDF09C6AFE94D31BD3D4E5F /* Circle.m */; };
		7D800E083C1C450E8251BC98 /* External.m in Sources */ = {isa = PBXBuildFile; fileRef = 5644FC9FA60F404F9EF431E4 /* External.m */; };
		CFEA6796701D4B30BFF20B68 /* Geocoder.m in Sources */ = {isa = PBXBuildFile; fileRef = B45AB522937C45879C9A31F3 /* Geocoder.m */; };
		6C7A2A3EB45942489589D7BA /* GoogleMaps.m in Sources */ = {isa = PBXBuildFile; fileRef = 9EF3E36B42564404B3C99542 /* GoogleMaps.m */; };
		1171E851945E42489C19A49F /* GoogleMapsViewController.m in Sources */ = {isa = PBXBuildFile; fileRef = A620DD28757C42BFBE080B7D /* GoogleMapsViewController.m */; };
		A4463D2181FF4BEA88E26A97 /* GroundOverlay.m in Sources */ = {isa = PBXBuildFile; fileRef = 0DC3EAA13BF1492B890F9B85 /* GroundOverlay.m */; };
		F2075A79DA63443886FBFF83 /* KmlOverlay.m in Sources */ = {isa = PBXBuildFile; fileRef = E527DEECBD2C4D2DAD2245BD /* KmlOverlay.m */; };
		5888EDA692EE40DD95A7EC48 /* Map.m in Sources */ = {isa = PBXBuildFile; fileRef = 7AF8B5298BE94522B1720F12 /* Map.m */; };
		94B4D65BC6C54427A377D206 /* Marker.m in Sources */ = {isa = PBXBuildFile; fileRef = AB1AE9CDB48349068371101E /* Marker.m */; };
		F382BA4DE0BA40CFBA26C65B /* PluginUtil.m in Sources */ = {isa = PBXBuildFile; fileRef = 9D4C7CA9EEB441049705DFC7 /* PluginUtil.m */; };
		C1FE09EB104049C5BCD297A6 /* Polygon.m in Sources */ = {isa = PBXBuildFile; fileRef = E5745B6C0DF44278863A8FBF /* Polygon.m */; };
		29C4B5EDA26540EFB518F7CE /* Polyline.m in Sources */ = {isa = PBXBuildFile; fileRef = FC1A6E5801554BC69E28EF2B /* Polyline.m */; };
		A4234A2023374F778C02C8BD /* TBXML.m in Sources */ = {isa = PBXBuildFile; fileRef = 9611D60A5D2E4B4695927C76 /* TBXML.m */; };
		87D9A871752A40E6B560C89A /* TileOverlay.m in Sources */ = {isa = PBXBuildFile; fileRef = 1FBD6534450147A38E8C53BB /* TileOverlay.m */; };
		1709A638FDC94EFEBBAD05EF /* NSData+Base64.m in Sources */ = {isa = PBXBuildFile; fileRef = 731F5D5340C243AEB9D86519 /* NSData+Base64.m */; };
		C7BE84FC7FC14D3BBA4653E4 /* GMSCoordinateBounds+Geometry.m in Sources */ = {isa = PBXBuildFile; fileRef = 387CD285D0AA4BFDA50A2B15 /* GMSCoordinateBounds+Geometry.m */; };
		3114346E458C488FBAFB475A /* MyPluginLayer.m in Sources */ = {isa = PBXBuildFile; fileRef = 3934D3BE3D09405CA45A4F63 /* MyPluginLayer.m */; };
		8A4BDD061C7C4DE0BD60671C /* MyReachability.m in Sources */ = {isa = PBXBuildFile; fileRef = C1ECEEE36D3345A28F30FE17 /* MyReachability.m */; };
		08EF0E5E4EF24146879038E3 /* MyPluginLayerDebugView.m in Sources */ = {isa = PBXBuildFile; fileRef = 15DCE3EE9A7149E6A92B986E /* MyPluginLayerDebugView.m */; };
		BEB9D059657A4D8B92F73209 /* MyPluginScrollView.m in Sources */ = {isa = PBXBuildFile; fileRef = 7E059C77AB1441D292E1A502 /* MyPluginScrollView.m */; };
		ED0E521E91A5473DBEC7CE4B /* Diagnostic.m in Sources */ = {isa = PBXBuildFile; fileRef = AB45A1572F0249F581381206 /* Diagnostic.m */; };
		7470153EA901486CB33732FC /* CoreBluetooth.framework in Frameworks */ = {isa = PBXBuildFile; fileRef = B7217D4F5D674C039C81B635 /* CoreBluetooth.framework */; };
		5AFC0CCD37F64DF0A1C6D601 /* CoreMotion.framework in Frameworks */ = {isa = PBXBuildFile; fileRef = 3E9DF6A6C07D4A6CB118CB9C /* CoreMotion.framework */; };
		DC2F0485D4D2456EA70217AC /* Photos.framework in Frameworks */ = {isa = PBXBuildFile; fileRef = 69B16BEE1E2A40978B35136A /* Photos.framework */; };
		6242023F1C9B432397810159 /* AddressBook.framework in Frameworks */ = {isa = PBXBuildFile; fileRef = 4D49524448B54EDB9E77A253 /* AddressBook.framework */; };
		135896477D154C639A32C48B /* EventKit.framework in Frameworks */ = {isa = PBXBuildFile; fileRef = 8F0956A07D8040E89C70CFE5 /* EventKit.framework */; };
		F3E4323C45F74F3D9C6DD620 /* Contacts.framework in Frameworks */ = {isa = PBXBuildFile; fileRef = 60CD73D39B8A4F25AFCDD4FA /* Contacts.framework */; };
		0EA1CB555C87456088A816D0 /* UserNotifications.framework in Frameworks */ = {isa = PBXBuildFile; fileRef = 6CA690477493492788B00126 /* UserNotifications.framework */; };
/* End PBXBuildFile section */

/* Begin PBXContainerItemProxy section */
		301BF534109A57CC0062928A /* PBXContainerItemProxy */ = {
			isa = PBXContainerItemProxy;
			containerPortal = 301BF52D109A57CC0062928A /* CordovaLib.xcodeproj */;
			proxyType = 2;
			remoteGlobalIDString = D2AAC07E0554694100DB518D;
			remoteInfo = CordovaLib;
		};
		301BF550109A68C00062928A /* PBXContainerItemProxy */ = {
			isa = PBXContainerItemProxy;
			containerPortal = 301BF52D109A57CC0062928A /* CordovaLib.xcodeproj */;
			proxyType = 1;
			remoteGlobalIDString = D2AAC07D0554694100DB518D;
			remoteInfo = CordovaLib;
		};
/* End PBXContainerItemProxy section */

/* Begin PBXFileReference section */
		0207DA571B56EA530066E2B4 /* Images.xcassets */ = {isa = PBXFileReference; lastKnownFileType = folder.assetcatalog; name = Images.xcassets; path = "TreasureHunt/Images.xcassets"; sourceTree = SOURCE_ROOT; };
		1D3623240D0F684500981E51 /* AppDelegate.h */ = {isa = PBXFileReference; fileEncoding = 4; lastKnownFileType = sourcecode.c.h; path = AppDelegate.h; sourceTree = "<group>"; };
		1D3623250D0F684500981E51 /* AppDelegate.m */ = {isa = PBXFileReference; fileEncoding = 4; lastKnownFileType = sourcecode.c.objc; path = AppDelegate.m; sourceTree = "<group>"; };
		1D6058910D05DD3D006BFB54 /* TreasureHunt.app */ = {isa = PBXFileReference; explicitFileType = wrapper.application; includeInIndex = 0; path = "TreasureHunt.app"; sourceTree = BUILT_PRODUCTS_DIR; };
		29B97316FDCFA39411CA2CEA /* main.m */ = {isa = PBXFileReference; fileEncoding = 4; lastKnownFileType = sourcecode.c.objc; path = main.m; sourceTree = "<group>"; };
		301BF52D109A57CC0062928A /* CordovaLib.xcodeproj */ = {isa = PBXFileReference; lastKnownFileType = "wrapper.pb-project"; name = CordovaLib.xcodeproj; path = CordovaLib/CordovaLib.xcodeproj; sourceTree = "<group>"; };
		301BF56E109A69640062928A /* www */ = {isa = PBXFileReference; lastKnownFileType = folder; path = www; sourceTree = SOURCE_ROOT; };
		302D95EE14D2391D003F00A1 /* MainViewController.h */ = {isa = PBXFileReference; fileEncoding = 4; lastKnownFileType = sourcecode.c.h; path = MainViewController.h; sourceTree = "<group>"; };
		302D95EF14D2391D003F00A1 /* MainViewController.m */ = {isa = PBXFileReference; fileEncoding = 4; lastKnownFileType = sourcecode.c.objc; path = MainViewController.m; sourceTree = "<group>"; };
		302D95F014D2391D003F00A1 /* MainViewController.xib */ = {isa = PBXFileReference; fileEncoding = 4; lastKnownFileType = file.xib; path = MainViewController.xib; sourceTree = "<group>"; };
		3047A50F1AB8059700498E2A /* build-debug.xcconfig */ = {isa = PBXFileReference; fileEncoding = 4; lastKnownFileType = text.xcconfig; name = "build-debug.xcconfig"; path = cordova/build-debug.xcconfig; sourceTree = SOURCE_ROOT; };
		3047A5101AB8059700498E2A /* build-release.xcconfig */ = {isa = PBXFileReference; fileEncoding = 4; lastKnownFileType = text.xcconfig; name = "build-release.xcconfig"; path = cordova/build-release.xcconfig; sourceTree = SOURCE_ROOT; };
		3047A5111AB8059700498E2A /* build.xcconfig */ = {isa = PBXFileReference; fileEncoding = 4; lastKnownFileType = text.xcconfig; name = build.xcconfig; path = cordova/build.xcconfig; sourceTree = SOURCE_ROOT; };
		32CA4F630368D1EE00C91783 /* TreasureHunt-Prefix.pch */ = {isa = PBXFileReference; fileEncoding = 4; lastKnownFileType = sourcecode.c.h; path = "TreasureHunt-Prefix.pch"; sourceTree = "<group>"; };
		6AFF5BF81D6E424B00AB3073 /* CDVLaunchScreen.storyboard */ = {isa = PBXFileReference; fileEncoding = 4; lastKnownFileType = file.storyboard; name = CDVLaunchScreen.storyboard; path = "TreasureHunt/CDVLaunchScreen.storyboard"; sourceTree = SOURCE_ROOT; };
		8D1107310486CEB800E47090 /* TreasureHunt-Info.plist */ = {isa = PBXFileReference; fileEncoding = 4; lastKnownFileType = text.plist.xml; name = "TreasureHunt-Info.plist"; path = "TreasureHunt/TreasureHunt-Info.plist"; plistStructureDefinitionIdentifier = "com.apple.xcode.plist.structure-definition.iphone.info-plist"; sourceTree = SOURCE_ROOT; };
		EB87FDF31871DA8E0020F90C /* www */ = {isa = PBXFileReference; lastKnownFileType = folder; name = www; path = ../../www; sourceTree = "<group>"; };
		EB87FDF41871DAF40020F90C /* config.xml */ = {isa = PBXFileReference; lastKnownFileType = text.xml; name = config.xml; path = ../../config.xml; sourceTree = "<group>"; };
		F840E1F0165FE0F500CFE078 /* config.xml */ = {isa = PBXFileReference; lastKnownFileType = text.xml; name = config.xml; path = "TreasureHunt/config.xml"; sourceTree = "<group>"; };
		ED33DF2A687741AEAF9F8254 /* Bridging-Header.h */ = {isa = PBXFileReference; fileEncoding = 4; lastKnownFileType = sourcecode.c.h; name = "Bridging-Header.h"; path = "Bridging-Header.h"; sourceTree = "<group>"; };
		5FCC93DD15174E6CAD9F059D /* CDVBarcodeScanner.mm */ = {isa = PBXFileReference; name = "CDVBarcodeScanner.mm"; path = "cordova-plugin-barcodescanner/CDVBarcodeScanner.mm"; sourceTree = "<group>"; fileEncoding = undefined; lastKnownFileType = unknown; explicitFileType = undefined; includeInIndex = 0; };
		8A6D3B0ED75C4E9E8E43899A /* zxing-all-in-one.cpp */ = {isa = PBXFileReference; name = "zxing-all-in-one.cpp"; path = "cordova-plugin-barcodescanner/zxing-all-in-one.cpp"; sourceTree = "<group>"; fileEncoding = undefined; lastKnownFileType = unknown; explicitFileType = undefined; includeInIndex = 0; };
		E1B86992823845FC86D62289 /* zxing-all-in-one.h */ = {isa = PBXFileReference; name = "zxing-all-in-one.h"; path = "cordova-plugin-barcodescanner/zxing-all-in-one.h"; sourceTree = "<group>"; fileEncoding = 4; lastKnownFileType = sourcecode.c.h; explicitFileType = undefined; includeInIndex = 0; };
		167534FB1BDF435D9F84C2F7 /* scannerOverlay.xib */ = {isa = PBXFileReference; name = "scannerOverlay.xib"; path = "scannerOverlay.xib"; sourceTree = "<group>"; fileEncoding = undefined; lastKnownFileType = file.xib; explicitFileType = undefined; includeInIndex = 0; };
		74ED3C0380DB4312A5BFDAF6 /* libiconv.dylib */ = {isa = PBXFileReference; name = "libiconv.dylib"; path = "usr/lib/libiconv.dylib"; sourceTree = SDKROOT; fileEncoding = undefined; lastKnownFileType = compiled.mach-o.dylib; explicitFileType = undefined; includeInIndex = 0; };
		41E616594A1147ECBBAB2153 /* AVFoundation.framework */ = {isa = PBXFileReference; name = "AVFoundation.framework"; path = "System/Library/Frameworks/AVFoundation.framework"; sourceTree = SDKROOT; fileEncoding = undefined; lastKnownFileType = wrapper.framework; explicitFileType = undefined; includeInIndex = 0; };
		8BF4C1F4D6114C0484BCF943 /* CoreVideo.framework */ = {isa = PBXFileReference; name = "CoreVideo.framework"; path = "System/Library/Frameworks/CoreVideo.framework"; sourceTree = SDKROOT; fileEncoding = undefined; lastKnownFileType = wrapper.framework; explicitFileType = undefined; includeInIndex = 0; };
		8CA77B70C57240F29D5D97CF /* QuartzCore.framework */ = {isa = PBXFileReference; name = "QuartzCore.framework"; path = "System/Library/Frameworks/QuartzCore.framework"; sourceTree = SDKROOT; fileEncoding = undefined; lastKnownFileType = wrapper.framework; explicitFileType = undefined; includeInIndex = 0; };
		EF42900C4C0D44B7AD4B2032 /* CDVLocation.m */ = {isa = PBXFileReference; name = "CDVLocation.m"; path = "cordova-plugin-geolocation/CDVLocation.m"; sourceTree = "<group>"; fileEncoding = 4; lastKnownFileType = sourcecode.c.objc; explicitFileType = undefined; includeInIndex = 0; };
		04FB966037E94D759BDC511A /* CDVLocation.h */ = {isa = PBXFileReference; name = "CDVLocation.h"; path = "cordova-plugin-geolocation/CDVLocation.h"; sourceTree = "<group>"; fileEncoding = 4; lastKnownFileType = sourcecode.c.h; explicitFileType = undefined; includeInIndex = 0; };
		51E0DFEB254041228988331A /* CoreLocation.framework */ = {isa = PBXFileReference; name = "CoreLocation.framework"; path = "System/Library/Frameworks/CoreLocation.framework"; sourceTree = SDKROOT; fileEncoding = undefined; lastKnownFileType = wrapper.framework; explicitFileType = undefined; includeInIndex = 0; };
		C0D48B415A1A43CCA8292E07 /* GoogleMaps.bundle */ = {isa = PBXFileReference; name = "GoogleMaps.bundle"; path = "GoogleMaps.bundle"; sourceTree = "<group>"; fileEncoding = undefined; lastKnownFileType = wrapper.plug-in; explicitFileType = undefined; includeInIndex = 0; };
		393AE151CECD4561A219150E /* Accelerate.framework */ = {isa = PBXFileReference; name = "Accelerate.framework"; path = "System/Library/Frameworks/Accelerate.framework"; sourceTree = SDKROOT; fileEncoding = undefined; lastKnownFileType = wrapper.framework; explicitFileType = undefined; includeInIndex = 0; };
		A14FA17069EE49298DD3DF86 /* CoreData.framework */ = {isa = PBXFileReference; name = "CoreData.framework"; path = "System/Library/Frameworks/CoreData.framework"; sourceTree = SDKROOT; fileEncoding = undefined; lastKnownFileType = wrapper.framework; explicitFileType = undefined; includeInIndex = 0; };
		BBA73C239C984A5BB947B51A /* CoreText.framework */ = {isa = PBXFileReference; name = "CoreText.framework"; path = "System/Library/Frameworks/CoreText.framework"; sourceTree = SDKROOT; fileEncoding = undefined; lastKnownFileType = wrapper.framework; explicitFileType = undefined; includeInIndex = 0; };
		14277F27AEDB400183511957 /* GLKit.framework */ = {isa = PBXFileReference; name = "GLKit.framework"; path = "System/Library/Frameworks/GLKit.framework"; sourceTree = SDKROOT; fileEncoding = undefined; lastKnownFileType = wrapper.framework; explicitFileType = undefined; includeInIndex = 0; };
		DD0B9CB3D6D64885A5B07E8E /* ImageIO.framework */ = {isa = PBXFileReference; name = "ImageIO.framework"; path = "System/Library/Frameworks/ImageIO.framework"; sourceTree = SDKROOT; fileEncoding = undefined; lastKnownFileType = wrapper.framework; explicitFileType = undefined; includeInIndex = 0; };
		9B0A374FE65F4C6EBBF934D7 /* libc++.tbd */ = {isa = PBXFileReference; name = "libc++.tbd"; path = "usr/lib/libc++.tbd"; sourceTree = SDKROOT; fileEncoding = undefined; lastKnownFileType = sourcecode.text-based-dylib-definition; explicitFileType = undefined; includeInIndex = 0; };
		1243AED11B504C4CBC9AF9D9 /* libz.tbd */ = {isa = PBXFileReference; name = "libz.tbd"; path = "usr/lib/libz.tbd"; sourceTree = SDKROOT; fileEncoding = undefined; lastKnownFileType = sourcecode.text-based-dylib-definition; explicitFileType = undefined; includeInIndex = 0; };
		2C71273FB2D0457FB60AEC6F /* OpenGLES.framework */ = {isa = PBXFileReference; name = "OpenGLES.framework"; path = "System/Library/Frameworks/OpenGLES.framework"; sourceTree = SDKROOT; fileEncoding = undefined; lastKnownFileType = wrapper.framework; explicitFileType = undefined; includeInIndex = 0; };
		F8166020E3AB4CB394BFBF66 /* SystemConfiguration.framework */ = {isa = PBXFileReference; name = "SystemConfiguration.framework"; path = "System/Library/Frameworks/SystemConfiguration.framework"; sourceTree = SDKROOT; fileEncoding = undefined; lastKnownFileType = wrapper.framework; explicitFileType = undefined; includeInIndex = 0; };
		0F2B97EB3BAA4129AAE1640D /* UIKit.framework */ = {isa = PBXFileReference; name = "UIKit.framework"; path = "System/Library/Frameworks/UIKit.framework"; sourceTree = SDKROOT; fileEncoding = undefined; lastKnownFileType = wrapper.framework; explicitFileType = undefined; includeInIndex = 0; };
		5B102508B6704F3182939774 /* GoogleMapsBase.framework */ = {isa = PBXFileReference; name = "GoogleMapsBase.framework"; path = "TreasureHunt/Plugins/com.googlemaps.ios/GoogleMapsBase.framework"; sourceTree = "<group>"; fileEncoding = undefined; lastKnownFileType = wrapper.framework; explicitFileType = undefined; includeInIndex = 0; };
		BE67D211592F40ADA55E5D3D /* GoogleMaps.framework */ = {isa = PBXFileReference; name = "GoogleMaps.framework"; path = "TreasureHunt/Plugins/com.googlemaps.ios/GoogleMaps.framework"; sourceTree = "<group>"; fileEncoding = undefined; lastKnownFileType = wrapper.framework; explicitFileType = undefined; includeInIndex = 0; };
		DCC55A7D5D764A1C8D5A37D9 /* GoogleMapsCore.framework */ = {isa = PBXFileReference; name = "GoogleMapsCore.framework"; path = "TreasureHunt/Plugins/com.googlemaps.ios/GoogleMapsCore.framework"; sourceTree = "<group>"; fileEncoding = undefined; lastKnownFileType = wrapper.framework; explicitFileType = undefined; includeInIndex = 0; };
		1CDF09C6AFE94D31BD3D4E5F /* Circle.m */ = {isa = PBXFileReference; name = "Circle.m"; path = "cordova-plugin-googlemaps/Circle.m"; sourceTree = "<group>"; fileEncoding = 4; lastKnownFileType = sourcecode.c.objc; explicitFileType = undefined; includeInIndex = 0; };
		5644FC9FA60F404F9EF431E4 /* External.m */ = {isa = PBXFileReference; name = "External.m"; path = "cordova-plugin-googlemaps/External.m"; sourceTree = "<group>"; fileEncoding = 4; lastKnownFileType = sourcecode.c.objc; explicitFileType = undefined; includeInIndex = 0; };
		B45AB522937C45879C9A31F3 /* Geocoder.m */ = {isa = PBXFileReference; name = "Geocoder.m"; path = "cordova-plugin-googlemaps/Geocoder.m"; sourceTree = "<group>"; fileEncoding = 4; lastKnownFileType = sourcecode.c.objc; explicitFileType = undefined; includeInIndex = 0; };
		9EF3E36B42564404B3C99542 /* GoogleMaps.m */ = {isa = PBXFileReference; name = "GoogleMaps.m"; path = "cordova-plugin-googlemaps/GoogleMaps.m"; sourceTree = "<group>"; fileEncoding = 4; lastKnownFileType = sourcecode.c.objc; explicitFileType = undefined; includeInIndex = 0; };
		A620DD28757C42BFBE080B7D /* GoogleMapsViewController.m */ = {isa = PBXFileReference; name = "GoogleMapsViewController.m"; path = "cordova-plugin-googlemaps/GoogleMapsViewController.m"; sourceTree = "<group>"; fileEncoding = 4; lastKnownFileType = sourcecode.c.objc; explicitFileType = undefined; includeInIndex = 0; };
		0DC3EAA13BF1492B890F9B85 /* GroundOverlay.m */ = {isa = PBXFileReference; name = "GroundOverlay.m"; path = "cordova-plugin-googlemaps/GroundOverlay.m"; sourceTree = "<group>"; fileEncoding = 4; lastKnownFileType = sourcecode.c.objc; explicitFileType = undefined; includeInIndex = 0; };
		E527DEECBD2C4D2DAD2245BD /* KmlOverlay.m */ = {isa = PBXFileReference; name = "KmlOverlay.m"; path = "cordova-plugin-googlemaps/KmlOverlay.m"; sourceTree = "<group>"; fileEncoding = 4; lastKnownFileType = sourcecode.c.objc; explicitFileType = undefined; includeInIndex = 0; };
		7AF8B5298BE94522B1720F12 /* Map.m */ = {isa = PBXFileReference; name = "Map.m"; path = "cordova-plugin-googlemaps/Map.m"; sourceTree = "<group>"; fileEncoding = 4; lastKnownFileType = sourcecode.c.objc; explicitFileType = undefined; includeInIndex = 0; };
		AB1AE9CDB48349068371101E /* Marker.m */ = {isa = PBXFileReference; name = "Marker.m"; path = "cordova-plugin-googlemaps/Marker.m"; sourceTree = "<group>"; fileEncoding = 4; lastKnownFileType = sourcecode.c.objc; explicitFileType = undefined; includeInIndex = 0; };
		9D4C7CA9EEB441049705DFC7 /* PluginUtil.m */ = {isa = PBXFileReference; name = "PluginUtil.m"; path = "cordova-plugin-googlemaps/PluginUtil.m"; sourceTree = "<group>"; fileEncoding = 4; lastKnownFileType = sourcecode.c.objc; explicitFileType = undefined; includeInIndex = 0; };
		E5745B6C0DF44278863A8FBF /* Polygon.m */ = {isa = PBXFileReference; name = "Polygon.m"; path = "cordova-plugin-googlemaps/Polygon.m"; sourceTree = "<group>"; fileEncoding = 4; lastKnownFileType = sourcecode.c.objc; explicitFileType = undefined; includeInIndex = 0; };
		FC1A6E5801554BC69E28EF2B /* Polyline.m */ = {isa = PBXFileReference; name = "Polyline.m"; path = "cordova-plugin-googlemaps/Polyline.m"; sourceTree = "<group>"; fileEncoding = 4; lastKnownFileType = sourcecode.c.objc; explicitFileType = undefined; includeInIndex = 0; };
		9611D60A5D2E4B4695927C76 /* TBXML.m */ = {isa = PBXFileReference; name = "TBXML.m"; path = "cordova-plugin-googlemaps/TBXML.m"; sourceTree = "<group>"; fileEncoding = 4; lastKnownFileType = sourcecode.c.objc; explicitFileType = undefined; includeInIndex = 0; };
		1FBD6534450147A38E8C53BB /* TileOverlay.m */ = {isa = PBXFileReference; name = "TileOverlay.m"; path = "cordova-plugin-googlemaps/TileOverlay.m"; sourceTree = "<group>"; fileEncoding = 4; lastKnownFileType = sourcecode.c.objc; explicitFileType = undefined; includeInIndex = 0; };
		731F5D5340C243AEB9D86519 /* NSData+Base64.m */ = {isa = PBXFileReference; name = "NSData+Base64.m"; path = "cordova-plugin-googlemaps/NSData+Base64.m"; sourceTree = "<group>"; fileEncoding = 4; lastKnownFileType = sourcecode.c.objc; explicitFileType = undefined; includeInIndex = 0; };
		387CD285D0AA4BFDA50A2B15 /* GMSCoordinateBounds+Geometry.m */ = {isa = PBXFileReference; name = "GMSCoordinateBounds+Geometry.m"; path = "cordova-plugin-googlemaps/GMSCoordinateBounds+Geometry.m"; sourceTree = "<group>"; fileEncoding = 4; lastKnownFileType = sourcecode.c.objc; explicitFileType = undefined; includeInIndex = 0; };
		3934D3BE3D09405CA45A4F63 /* MyPluginLayer.m */ = {isa = PBXFileReference; name = "MyPluginLayer.m"; path = "cordova-plugin-googlemaps/MyPluginLayer.m"; sourceTree = "<group>"; fileEncoding = 4; lastKnownFileType = sourcecode.c.objc; explicitFileType = undefined; includeInIndex = 0; };
		C1ECEEE36D3345A28F30FE17 /* MyReachability.m */ = {isa = PBXFileReference; name = "MyReachability.m"; path = "cordova-plugin-googlemaps/MyReachability.m"; sourceTree = "<group>"; fileEncoding = 4; lastKnownFileType = sourcecode.c.objc; explicitFileType = undefined; includeInIndex = 0; };
		15DCE3EE9A7149E6A92B986E /* MyPluginLayerDebugView.m */ = {isa = PBXFileReference; name = "MyPluginLayerDebugView.m"; path = "cordova-plugin-googlemaps/MyPluginLayerDebugView.m"; sourceTree = "<group>"; fileEncoding = 4; lastKnownFileType = sourcecode.c.objc; explicitFileType = undefined; includeInIndex = 0; };
		7E059C77AB1441D292E1A502 /* MyPluginScrollView.m */ = {isa = PBXFileReference; name = "MyPluginScrollView.m"; path = "cordova-plugin-googlemaps/MyPluginScrollView.m"; sourceTree = "<group>"; fileEncoding = 4; lastKnownFileType = sourcecode.c.objc; explicitFileType = undefined; includeInIndex = 0; };
		40AE116B28214709B27DBBF0 /* Circle.h */ = {isa = PBXFileReference; name = "Circle.h"; path = "cordova-plugin-googlemaps/Circle.h"; sourceTree = "<group>"; fileEncoding = 4; lastKnownFileType = sourcecode.c.h; explicitFileType = undefined; includeInIndex = 0; };
		802835EE352F4D329CC668DC /* External.h */ = {isa = PBXFileReference; name = "External.h"; path = "cordova-plugin-googlemaps/External.h"; sourceTree = "<group>"; fileEncoding = 4; lastKnownFileType = sourcecode.c.h; explicitFileType = undefined; includeInIndex = 0; };
		C0EE17AF42384AA1916764C2 /* Geocoder.h */ = {isa = PBXFileReference; name = "Geocoder.h"; path = "cordova-plugin-googlemaps/Geocoder.h"; sourceTree = "<group>"; fileEncoding = 4; lastKnownFileType = sourcecode.c.h; explicitFileType = undefined; includeInIndex = 0; };
		0BF24C13FE594B1998DFE792 /* GoogleMaps.h */ = {isa = PBXFileReference; name = "GoogleMaps.h"; path = "cordova-plugin-googlemaps/GoogleMaps.h"; sourceTree = "<group>"; fileEncoding = 4; lastKnownFileType = sourcecode.c.h; explicitFileType = undefined; includeInIndex = 0; };
		E4EB0734C74246EABD01B0F9 /* GoogleMapsViewController.h */ = {isa = PBXFileReference; name = "GoogleMapsViewController.h"; path = "cordova-plugin-googlemaps/GoogleMapsViewController.h"; sourceTree = "<group>"; fileEncoding = 4; lastKnownFileType = sourcecode.c.h; explicitFileType = undefined; includeInIndex = 0; };
		AD8AFC6807BB4148B3BA3DD3 /* GroundOverlay.h */ = {isa = PBXFileReference; name = "GroundOverlay.h"; path = "cordova-plugin-googlemaps/GroundOverlay.h"; sourceTree = "<group>"; fileEncoding = 4; lastKnownFileType = sourcecode.c.h; explicitFileType = undefined; includeInIndex = 0; };
		B07746F22ACC4113BC480511 /* KmlOverlay.h */ = {isa = PBXFileReference; name = "KmlOverlay.h"; path = "cordova-plugin-googlemaps/KmlOverlay.h"; sourceTree = "<group>"; fileEncoding = 4; lastKnownFileType = sourcecode.c.h; explicitFileType = undefined; includeInIndex = 0; };
		781E7D6160294710AA787960 /* Map.h */ = {isa = PBXFileReference; name = "Map.h"; path = "cordova-plugin-googlemaps/Map.h"; sourceTree = "<group>"; fileEncoding = 4; lastKnownFileType = sourcecode.c.h; explicitFileType = undefined; includeInIndex = 0; };
		94281CC124CF44BB88FC0201 /* Marker.h */ = {isa = PBXFileReference; name = "Marker.h"; path = "cordova-plugin-googlemaps/Marker.h"; sourceTree = "<group>"; fileEncoding = 4; lastKnownFileType = sourcecode.c.h; explicitFileType = undefined; includeInIndex = 0; };
		FCE414DBB81A4D36B025FB6E /* MyPlgunProtocol.h */ = {isa = PBXFileReference; name = "MyPlgunProtocol.h"; path = "cordova-plugin-googlemaps/MyPlgunProtocol.h"; sourceTree = "<group>"; fileEncoding = 4; lastKnownFileType = sourcecode.c.h; explicitFileType = undefined; includeInIndex = 0; };
		7174502746424D548834A0C9 /* PluginUtil.h */ = {isa = PBXFileReference; name = "PluginUtil.h"; path = "cordova-plugin-googlemaps/PluginUtil.h"; sourceTree = "<group>"; fileEncoding = 4; lastKnownFileType = sourcecode.c.h; explicitFileType = undefined; includeInIndex = 0; };
		0D562CDF304A41DDBEAEE45C /* Polygon.h */ = {isa = PBXFileReference; name = "Polygon.h"; path = "cordova-plugin-googlemaps/Polygon.h"; sourceTree = "<group>"; fileEncoding = 4; lastKnownFileType = sourcecode.c.h; explicitFileType = undefined; includeInIndex = 0; };
		B41BD997D4594F5FAD25EA80 /* Polyline.h */ = {isa = PBXFileReference; name = "Polyline.h"; path = "cordova-plugin-googlemaps/Polyline.h"; sourceTree = "<group>"; fileEncoding = 4; lastKnownFileType = sourcecode.c.h; explicitFileType = undefined; includeInIndex = 0; };
		94206BA632FD40F088E106D8 /* TBXML.h */ = {isa = PBXFileReference; name = "TBXML.h"; path = "cordova-plugin-googlemaps/TBXML.h"; sourceTree = "<group>"; fileEncoding = 4; lastKnownFileType = sourcecode.c.h; explicitFileType = undefined; includeInIndex = 0; };
		4AED3E8B6D5041A7986D320B /* TileOverlay.h */ = {isa = PBXFileReference; name = "TileOverlay.h"; path = "cordova-plugin-googlemaps/TileOverlay.h"; sourceTree = "<group>"; fileEncoding = 4; lastKnownFileType = sourcecode.c.h; explicitFileType = undefined; includeInIndex = 0; };
		032ABBD7DA3642D59440134D /* NSData+Base64.h */ = {isa = PBXFileReference; name = "NSData+Base64.h"; path = "cordova-plugin-googlemaps/NSData+Base64.h"; sourceTree = "<group>"; fileEncoding = 4; lastKnownFileType = sourcecode.c.h; explicitFileType = undefined; includeInIndex = 0; };
		2CED36A478CE435CA71008CF /* NSData+Base64.podspec */ = {isa = PBXFileReference; name = "NSData+Base64.podspec"; path = "cordova-plugin-googlemaps/NSData+Base64.podspec"; sourceTree = "<group>"; fileEncoding = undefined; lastKnownFileType = unknown; explicitFileType = undefined; includeInIndex = 0; };
		B2F6CE42863A4166BA17678D /* GMSCoordinateBounds+Geometry.h */ = {isa = PBXFileReference; name = "GMSCoordinateBounds+Geometry.h"; path = "cordova-plugin-googlemaps/GMSCoordinateBounds+Geometry.h"; sourceTree = "<group>"; fileEncoding = 4; lastKnownFileType = sourcecode.c.h; explicitFileType = undefined; includeInIndex = 0; };
		94FFD32C85F44EFBAD2E215B /* MyPluginLayer.h */ = {isa = PBXFileReference; name = "MyPluginLayer.h"; path = "cordova-plugin-googlemaps/MyPluginLayer.h"; sourceTree = "<group>"; fileEncoding = 4; lastKnownFileType = sourcecode.c.h; explicitFileType = undefined; includeInIndex = 0; };
		74482EF19BB4424AAF988F8E /* MyReachability.h */ = {isa = PBXFileReference; name = "MyReachability.h"; path = "cordova-plugin-googlemaps/MyReachability.h"; sourceTree = "<group>"; fileEncoding = 4; lastKnownFileType = sourcecode.c.h; explicitFileType = undefined; includeInIndex = 0; };
		35245E86F9814692B9AFE123 /* MyPluginLayerDebugView.h */ = {isa = PBXFileReference; name = "MyPluginLayerDebugView.h"; path = "cordova-plugin-googlemaps/MyPluginLayerDebugView.h"; sourceTree = "<group>"; fileEncoding = 4; lastKnownFileType = sourcecode.c.h; explicitFileType = undefined; includeInIndex = 0; };
		75E1ED3BF5FC4B9F88C9B257 /* MyPluginScrollView.h */ = {isa = PBXFileReference; name = "MyPluginScrollView.h"; path = "cordova-plugin-googlemaps/MyPluginScrollView.h"; sourceTree = "<group>"; fileEncoding = 4; lastKnownFileType = sourcecode.c.h; explicitFileType = undefined; includeInIndex = 0; };
		AB45A1572F0249F581381206 /* Diagnostic.m */ = {isa = PBXFileReference; name = "Diagnostic.m"; path = "cordova.plugins.diagnostic/Diagnostic.m"; sourceTree = "<group>"; fileEncoding = 4; lastKnownFileType = sourcecode.c.objc; explicitFileType = undefined; includeInIndex = 0; };
		108F07835FF34755A3A7E7CB /* Diagnostic.h */ = {isa = PBXFileReference; name = "Diagnostic.h"; path = "cordova.plugins.diagnostic/Diagnostic.h"; sourceTree = "<group>"; fileEncoding = 4; lastKnownFileType = sourcecode.c.h; explicitFileType = undefined; includeInIndex = 0; };
		B7217D4F5D674C039C81B635 /* CoreBluetooth.framework */ = {isa = PBXFileReference; name = "CoreBluetooth.framework"; path = "System/Library/Frameworks/CoreBluetooth.framework"; sourceTree = SDKROOT; fileEncoding = undefined; lastKnownFileType = wrapper.framework; explicitFileType = undefined; includeInIndex = 0; };
		3E9DF6A6C07D4A6CB118CB9C /* CoreMotion.framework */ = {isa = PBXFileReference; name = "CoreMotion.framework"; path = "System/Library/Frameworks/CoreMotion.framework"; sourceTree = SDKROOT; fileEncoding = undefined; lastKnownFileType = wrapper.framework; explicitFileType = undefined; includeInIndex = 0; };
		69B16BEE1E2A40978B35136A /* Photos.framework */ = {isa = PBXFileReference; name = "Photos.framework"; path = "System/Library/Frameworks/Photos.framework"; sourceTree = SDKROOT; fileEncoding = undefined; lastKnownFileType = wrapper.framework; explicitFileType = undefined; includeInIndex = 0; };
		4D49524448B54EDB9E77A253 /* AddressBook.framework */ = {isa = PBXFileReference; name = "AddressBook.framework"; path = "System/Library/Frameworks/AddressBook.framework"; sourceTree = SDKROOT; fileEncoding = undefined; lastKnownFileType = wrapper.framework; explicitFileType = undefined; includeInIndex = 0; };
		8F0956A07D8040E89C70CFE5 /* EventKit.framework */ = {isa = PBXFileReference; name = "EventKit.framework"; path = "System/Library/Frameworks/EventKit.framework"; sourceTree = SDKROOT; fileEncoding = undefined; lastKnownFileType = wrapper.framework; explicitFileType = undefined; includeInIndex = 0; };
		60CD73D39B8A4F25AFCDD4FA /* Contacts.framework */ = {isa = PBXFileReference; name = "Contacts.framework"; path = "System/Library/Frameworks/Contacts.framework"; sourceTree = SDKROOT; fileEncoding = undefined; lastKnownFileType = wrapper.framework; explicitFileType = undefined; includeInIndex = 0; };
		6CA690477493492788B00126 /* UserNotifications.framework */ = {isa = PBXFileReference; name = "UserNotifications.framework"; path = "System/Library/Frameworks/UserNotifications.framework"; sourceTree = SDKROOT; fileEncoding = undefined; lastKnownFileType = wrapper.framework; explicitFileType = undefined; includeInIndex = 0; };
/* End PBXFileReference section */

/* Begin PBXFrameworksBuildPhase section */
		1D60588F0D05DD3D006BFB54 /* Frameworks */ = {
			isa = PBXFrameworksBuildPhase;
			buildActionMask = 2147483647;
			files = (
				301BF552109A68D80062928A /* libCordova.a in Frameworks */,
				81390C2B65984F91B2E9E3F9 /* libiconv.dylib in Frameworks */,
				4E98C0AC270C4F4F92782B73 /* AVFoundation.framework in Frameworks */,
				D17514CF263646288325200E /* CoreVideo.framework in Frameworks */,
				592B47B6ED1D4DD0A3DFEEAA /* QuartzCore.framework in Frameworks */,
				76405BBBED0948018BFD494A /* CoreLocation.framework in Frameworks */,
				350744B4AA294C3A9980B325 /* Accelerate.framework in Frameworks */,
				197EAEDA10E74F99BA597FBC /* CoreData.framework in Frameworks */,
				565FCFFF2039491EAF18E1A3 /* CoreText.framework in Frameworks */,
				13D025A2503B45299ECA32EA /* GLKit.framework in Frameworks */,
				0811D0017E50446B97297CB8 /* ImageIO.framework in Frameworks */,
				377644D9CD0540E79B098407 /* libc++.tbd in Frameworks */,
				E714466009634F4C94B01E01 /* libz.tbd in Frameworks */,
				B157AB881CF54938A927D7D6 /* OpenGLES.framework in Frameworks */,
				A699D29AF34643CC8BC4F294 /* SystemConfiguration.framework in Frameworks */,
				F4E1C06DFA67427D8658021E /* UIKit.framework in Frameworks */,
				F633C0BBFE634126B20C171E /* GoogleMapsBase.framework in Frameworks */,
				C7D09ECC72924A31A28732CC /* GoogleMaps.framework in Frameworks */,
				A96A062F0FA842DA8C8B47C8 /* GoogleMapsCore.framework in Frameworks */,
				7470153EA901486CB33732FC /* CoreBluetooth.framework in Frameworks */,
				5AFC0CCD37F64DF0A1C6D601 /* CoreMotion.framework in Frameworks */,
				DC2F0485D4D2456EA70217AC /* Photos.framework in Frameworks */,
				6242023F1C9B432397810159 /* AddressBook.framework in Frameworks */,
				135896477D154C639A32C48B /* EventKit.framework in Frameworks */,
				F3E4323C45F74F3D9C6DD620 /* Contacts.framework in Frameworks */,
				0EA1CB555C87456088A816D0 /* UserNotifications.framework in Frameworks */,
			);
			runOnlyForDeploymentPostprocessing = 0;
		};
/* End PBXFrameworksBuildPhase section */

/* Begin PBXGroup section */
		080E96DDFE201D6D7F000001 /* Classes */ = {
			isa = PBXGroup;
			children = (
				302D95EE14D2391D003F00A1 /* MainViewController.h */,
				302D95EF14D2391D003F00A1 /* MainViewController.m */,
				302D95F014D2391D003F00A1 /* MainViewController.xib */,
				1D3623240D0F684500981E51 /* AppDelegate.h */,
				1D3623250D0F684500981E51 /* AppDelegate.m */,
			);
			name = Classes;
			path = "TreasureHunt/Classes";
			sourceTree = SOURCE_ROOT;
		};
		19C28FACFE9D520D11CA2CBB /* Products */ = {
			isa = PBXGroup;
			children = (
				1D6058910D05DD3D006BFB54 /* TreasureHunt.app */,
			);
			name = Products;
			sourceTree = "<group>";
		};
		29B97314FDCFA39411CA2CEA /* CustomTemplate */ = {
			isa = PBXGroup;
			children = (
				EB87FDF41871DAF40020F90C /* config.xml */,
				EB87FDF31871DA8E0020F90C /* www */,
				EB87FDF11871DA420020F90C /* Staging */,
				301BF52D109A57CC0062928A /* CordovaLib.xcodeproj */,
				080E96DDFE201D6D7F000001 /* Classes */,
				307C750510C5A3420062BCA9 /* Plugins */,
				29B97315FDCFA39411CA2CEA /* Other Sources */,
				29B97317FDCFA39411CA2CEA /* Resources */,
				29B97323FDCFA39411CA2CEA /* Frameworks */,
				19C28FACFE9D520D11CA2CBB /* Products */,
			);
			name = CustomTemplate;
			sourceTree = "<group>";
		};
		29B97315FDCFA39411CA2CEA /* Other Sources */ = {
			isa = PBXGroup;
			children = (
				32CA4F630368D1EE00C91783 /* TreasureHunt-Prefix.pch */,
				29B97316FDCFA39411CA2CEA /* main.m */,
				ED33DF2A687741AEAF9F8254 /* Bridging-Header.h */,
			);
			name = "Other Sources";
			path = "TreasureHunt";
			sourceTree = "<group>";
		};
		29B97317FDCFA39411CA2CEA /* Resources */ = {
			isa = PBXGroup;
			children = (
				0207DA571B56EA530066E2B4 /* Images.xcassets */,
				3047A50E1AB8057F00498E2A /* config */,
				8D1107310486CEB800E47090 /* TreasureHunt-Info.plist */,
				6AFF5BF81D6E424B00AB3073 /* CDVLaunchScreen.storyboard */,
				167534FB1BDF435D9F84C2F7 /* scannerOverlay.xib */,
				C0D48B415A1A43CCA8292E07 /* GoogleMaps.bundle */,
			);
			name = Resources;
			path = "TreasureHunt/Resources";
			sourceTree = "<group>";
		};
		29B97323FDCFA39411CA2CEA /* Frameworks */ = {
			isa = PBXGroup;
			children = (
				74ED3C0380DB4312A5BFDAF6 /* libiconv.dylib */,
				41E616594A1147ECBBAB2153 /* AVFoundation.framework */,
				8BF4C1F4D6114C0484BCF943 /* CoreVideo.framework */,
				8CA77B70C57240F29D5D97CF /* QuartzCore.framework */,
				51E0DFEB254041228988331A /* CoreLocation.framework */,
				393AE151CECD4561A219150E /* Accelerate.framework */,
				A14FA17069EE49298DD3DF86 /* CoreData.framework */,
				BBA73C239C984A5BB947B51A /* CoreText.framework */,
				14277F27AEDB400183511957 /* GLKit.framework */,
				DD0B9CB3D6D64885A5B07E8E /* ImageIO.framework */,
				9B0A374FE65F4C6EBBF934D7 /* libc++.tbd */,
				1243AED11B504C4CBC9AF9D9 /* libz.tbd */,
				2C71273FB2D0457FB60AEC6F /* OpenGLES.framework */,
				F8166020E3AB4CB394BFBF66 /* SystemConfiguration.framework */,
				0F2B97EB3BAA4129AAE1640D /* UIKit.framework */,
				5B102508B6704F3182939774 /* GoogleMapsBase.framework */,
				BE67D211592F40ADA55E5D3D /* GoogleMaps.framework */,
				DCC55A7D5D764A1C8D5A37D9 /* GoogleMapsCore.framework */,
				B7217D4F5D674C039C81B635 /* CoreBluetooth.framework */,
				3E9DF6A6C07D4A6CB118CB9C /* CoreMotion.framework */,
				69B16BEE1E2A40978B35136A /* Photos.framework */,
				4D49524448B54EDB9E77A253 /* AddressBook.framework */,
				8F0956A07D8040E89C70CFE5 /* EventKit.framework */,
				60CD73D39B8A4F25AFCDD4FA /* Contacts.framework */,
				6CA690477493492788B00126 /* UserNotifications.framework */,
			);
			name = Frameworks;
			sourceTree = "<group>";
		};
		301BF52E109A57CC0062928A /* Products */ = {
			isa = PBXGroup;
			children = (
				301BF535109A57CC0062928A /* libCordova.a */,
			);
			name = Products;
			sourceTree = "<group>";
		};
		3047A50E1AB8057F00498E2A /* config */ = {
			isa = PBXGroup;
			children = (
				3047A50F1AB8059700498E2A /* build-debug.xcconfig */,
				3047A5101AB8059700498E2A /* build-release.xcconfig */,
				3047A5111AB8059700498E2A /* build.xcconfig */,
			);
			name = config;
			sourceTree = "<group>";
		};
		307C750510C5A3420062BCA9 /* Plugins */ = {
			isa = PBXGroup;
			children = (
				5FCC93DD15174E6CAD9F059D /* CDVBarcodeScanner.mm */,
				8A6D3B0ED75C4E9E8E43899A /* zxing-all-in-one.cpp */,
				E1B86992823845FC86D62289 /* zxing-all-in-one.h */,
				EF42900C4C0D44B7AD4B2032 /* CDVLocation.m */,
				04FB966037E94D759BDC511A /* CDVLocation.h */,
				1CDF09C6AFE94D31BD3D4E5F /* Circle.m */,
				5644FC9FA60F404F9EF431E4 /* External.m */,
				B45AB522937C45879C9A31F3 /* Geocoder.m */,
				9EF3E36B42564404B3C99542 /* GoogleMaps.m */,
				A620DD28757C42BFBE080B7D /* GoogleMapsViewController.m */,
				0DC3EAA13BF1492B890F9B85 /* GroundOverlay.m */,
				E527DEECBD2C4D2DAD2245BD /* KmlOverlay.m */,
				7AF8B5298BE94522B1720F12 /* Map.m */,
				AB1AE9CDB48349068371101E /* Marker.m */,
				9D4C7CA9EEB441049705DFC7 /* PluginUtil.m */,
				E5745B6C0DF44278863A8FBF /* Polygon.m */,
				FC1A6E5801554BC69E28EF2B /* Polyline.m */,
				9611D60A5D2E4B4695927C76 /* TBXML.m */,
				1FBD6534450147A38E8C53BB /* TileOverlay.m */,
				731F5D5340C243AEB9D86519 /* NSData+Base64.m */,
				387CD285D0AA4BFDA50A2B15 /* GMSCoordinateBounds+Geometry.m */,
				3934D3BE3D09405CA45A4F63 /* MyPluginLayer.m */,
				C1ECEEE36D3345A28F30FE17 /* MyReachability.m */,
				15DCE3EE9A7149E6A92B986E /* MyPluginLayerDebugView.m */,
				7E059C77AB1441D292E1A502 /* MyPluginScrollView.m */,
				40AE116B28214709B27DBBF0 /* Circle.h */,
				802835EE352F4D329CC668DC /* External.h */,
				C0EE17AF42384AA1916764C2 /* Geocoder.h */,
				0BF24C13FE594B1998DFE792 /* GoogleMaps.h */,
				E4EB0734C74246EABD01B0F9 /* GoogleMapsViewController.h */,
				AD8AFC6807BB4148B3BA3DD3 /* GroundOverlay.h */,
				B07746F22ACC4113BC480511 /* KmlOverlay.h */,
				781E7D6160294710AA787960 /* Map.h */,
				94281CC124CF44BB88FC0201 /* Marker.h */,
				FCE414DBB81A4D36B025FB6E /* MyPlgunProtocol.h */,
				7174502746424D548834A0C9 /* PluginUtil.h */,
				0D562CDF304A41DDBEAEE45C /* Polygon.h */,
				B41BD997D4594F5FAD25EA80 /* Polyline.h */,
				94206BA632FD40F088E106D8 /* TBXML.h */,
				4AED3E8B6D5041A7986D320B /* TileOverlay.h */,
				032ABBD7DA3642D59440134D /* NSData+Base64.h */,
				2CED36A478CE435CA71008CF /* NSData+Base64.podspec */,
				B2F6CE42863A4166BA17678D /* GMSCoordinateBounds+Geometry.h */,
				94FFD32C85F44EFBAD2E215B /* MyPluginLayer.h */,
				74482EF19BB4424AAF988F8E /* MyReachability.h */,
				35245E86F9814692B9AFE123 /* MyPluginLayerDebugView.h */,
				75E1ED3BF5FC4B9F88C9B257 /* MyPluginScrollView.h */,
				AB45A1572F0249F581381206 /* Diagnostic.m */,
				108F07835FF34755A3A7E7CB /* Diagnostic.h */,
			);
			name = Plugins;
			path = "TreasureHunt/Plugins";
			sourceTree = SOURCE_ROOT;
		};
		EB87FDF11871DA420020F90C /* Staging */ = {
			isa = PBXGroup;
			children = (
				F840E1F0165FE0F500CFE078 /* config.xml */,
				301BF56E109A69640062928A /* www */,
			);
			name = Staging;
			sourceTree = "<group>";
		};
/* End PBXGroup section */

/* Begin PBXNativeTarget section */
		1D6058900D05DD3D006BFB54 /* TreasureHunt */ = {
			isa = PBXNativeTarget;
			buildConfigurationList = 1D6058960D05DD3E006BFB54 /* Build configuration list for PBXNativeTarget "TreasureHunt" */;
			buildPhases = (
				304B58A110DAC018002A0835 /* Copy www directory */,
				1D60588D0D05DD3D006BFB54 /* Resources */,
				1D60588E0D05DD3D006BFB54 /* Sources */,
				1D60588F0D05DD3D006BFB54 /* Frameworks */,
			);
			buildRules = (
			);
			dependencies = (
				301BF551109A68C00062928A /* PBXTargetDependency */,
			);
			name = "TreasureHunt";
			productName = "TreasureHunt";
			productReference = 1D6058910D05DD3D006BFB54 /* TreasureHunt.app */;
			productType = "com.apple.product-type.application";
		};
/* End PBXNativeTarget section */

/* Begin PBXProject section */
		29B97313FDCFA39411CA2CEA /* Project object */ = {
			isa = PBXProject;
			attributes = {
				LastUpgradeCheck = 510;
			};
			buildConfigurationList = C01FCF4E08A954540054247B /* Build configuration list for PBXProject "__NON-CLI__" */;
			compatibilityVersion = "Xcode 3.2";
			developmentRegion = English;
			hasScannedForEncodings = 1;
			mainGroup = 29B97314FDCFA39411CA2CEA /* CustomTemplate */;
			projectDirPath = "";
			projectReferences = (
				{
					ProductGroup = 301BF52E109A57CC0062928A /* Products */;
					ProjectRef = 301BF52D109A57CC0062928A /* CordovaLib.xcodeproj */;
				},
			);
			projectRoot = "";
			targets = (
				1D6058900D05DD3D006BFB54 /* TreasureHunt */,
			);
		};
/* End PBXProject section */

/* Begin PBXReferenceProxy section */
		301BF535109A57CC0062928A /* libCordova.a */ = {
			isa = PBXReferenceProxy;
			fileType = archive.ar;
			path = libCordova.a;
			remoteRef = 301BF534109A57CC0062928A /* PBXContainerItemProxy */;
			sourceTree = BUILT_PRODUCTS_DIR;
		};
/* End PBXReferenceProxy section */

/* Begin PBXResourcesBuildPhase section */
		1D60588D0D05DD3D006BFB54 /* Resources */ = {
			isa = PBXResourcesBuildPhase;
			buildActionMask = 2147483647;
			files = (
				302D95F214D2391D003F00A1 /* MainViewController.xib in Resources */,
				0207DA581B56EA530066E2B4 /* Images.xcassets in Resources */,
				6AFF5BF91D6E424B00AB3073 /* CDVLaunchScreen.storyboard in Resources */,
				8076CCEF5C104ECABF7EB514 /* scannerOverlay.xib in Resources */,
				5D5972321E5F4388BE7EAA93 /* GoogleMaps.bundle in Resources */,
			);
			runOnlyForDeploymentPostprocessing = 0;
		};
/* End PBXResourcesBuildPhase section */

/* Begin PBXShellScriptBuildPhase section */
		304B58A110DAC018002A0835 /* Copy www directory */ = {
			isa = PBXShellScriptBuildPhase;
			buildActionMask = 2147483647;
			files = (
			);
			inputPaths = (
			);
			name = "Copy www directory";
			outputPaths = (
			);
			runOnlyForDeploymentPostprocessing = 0;
			shellPath = /bin/sh;
			shellScript = "NODEJS_PATH=/usr/local/bin; NVM_NODE_PATH=~/.nvm/versions/node/`nvm version 2>/dev/null`/bin; N_NODE_PATH=`find /usr/local/n/versions/node/* -maxdepth 0 -type d 2>/dev/null | tail -1`/bin; XCODE_NODE_PATH=`xcode-select --print-path`/usr/share/xcs/Node/bin; PATH=$NODEJS_PATH:$NVM_NODE_PATH:$N_NODE_PATH:$XCODE_NODE_PATH:$PATH && node cordova/lib/copy-www-build-step.js";
			showEnvVarsInLog = 0;
		};
/* End PBXShellScriptBuildPhase section */

/* Begin PBXSourcesBuildPhase section */
		1D60588E0D05DD3D006BFB54 /* Sources */ = {
			isa = PBXSourcesBuildPhase;
			buildActionMask = 2147483647;
			files = (
				1D60589B0D05DD56006BFB54 /* main.m in Sources */,
				1D3623260D0F684500981E51 /* AppDelegate.m in Sources */,
				302D95F114D2391D003F00A1 /* MainViewController.m in Sources */,
				DC3AD7679F0F4D52AAC4EFCE /* CDVBarcodeScanner.mm in Resources */,
				3FE1032B095543C083A72E34 /* zxing-all-in-one.cpp in Resources */,
				33C7B7B0E8824FAEBC5DBAE7 /* CDVLocation.m in Sources */,
				90AD235E87D94681B4D5A1DD /* Circle.m in Sources */,
				7D800E083C1C450E8251BC98 /* External.m in Sources */,
				CFEA6796701D4B30BFF20B68 /* Geocoder.m in Sources */,
				6C7A2A3EB45942489589D7BA /* GoogleMaps.m in Sources */,
				1171E851945E42489C19A49F /* GoogleMapsViewController.m in Sources */,
				A4463D2181FF4BEA88E26A97 /* GroundOverlay.m in Sources */,
				F2075A79DA63443886FBFF83 /* KmlOverlay.m in Sources */,
				5888EDA692EE40DD95A7EC48 /* Map.m in Sources */,
				94B4D65BC6C54427A377D206 /* Marker.m in Sources */,
				F382BA4DE0BA40CFBA26C65B /* PluginUtil.m in Sources */,
				C1FE09EB104049C5BCD297A6 /* Polygon.m in Sources */,
				29C4B5EDA26540EFB518F7CE /* Polyline.m in Sources */,
				A4234A2023374F778C02C8BD /* TBXML.m in Sources */,
				87D9A871752A40E6B560C89A /* TileOverlay.m in Sources */,
				1709A638FDC94EFEBBAD05EF /* NSData+Base64.m in Sources */,
				C7BE84FC7FC14D3BBA4653E4 /* GMSCoordinateBounds+Geometry.m in Sources */,
				3114346E458C488FBAFB475A /* MyPluginLayer.m in Sources */,
				8A4BDD061C7C4DE0BD60671C /* MyReachability.m in Sources */,
				08EF0E5E4EF24146879038E3 /* MyPluginLayerDebugView.m in Sources */,
				BEB9D059657A4D8B92F73209 /* MyPluginScrollView.m in Sources */,
				ED0E521E91A5473DBEC7CE4B /* Diagnostic.m in Sources */,
			);
			runOnlyForDeploymentPostprocessing = 0;
		};
/* End PBXSourcesBuildPhase section */

/* Begin PBXTargetDependency section */
		301BF551109A68C00062928A /* PBXTargetDependency */ = {
			isa = PBXTargetDependency;
			name = CordovaLib;
			targetProxy = 301BF550109A68C00062928A /* PBXContainerItemProxy */;
		};
/* End PBXTargetDependency section */

/* Begin XCBuildConfiguration section */
		1D6058940D05DD3E006BFB54 /* Debug */ = {
			isa = XCBuildConfiguration;
			baseConfigurationReference = 3047A50F1AB8059700498E2A /* build-debug.xcconfig */;
			buildSettings = {
				ALWAYS_SEARCH_USER_PATHS = NO;
				ASSETCATALOG_COMPILER_APPICON_NAME = AppIcon;
				ASSETCATALOG_COMPILER_LAUNCHIMAGE_NAME = LaunchImage;
				CLANG_ENABLE_MODULES = YES;
				CLANG_ENABLE_OBJC_ARC = YES;
				COPY_PHASE_STRIP = NO;
				GCC_DYNAMIC_NO_PIC = NO;
				GCC_OPTIMIZATION_LEVEL = 0;
				GCC_PRECOMPILE_PREFIX_HEADER = YES;
				GCC_PREFIX_HEADER = "TreasureHunt/TreasureHunt-Prefix.pch";
				GCC_THUMB_SUPPORT = NO;
				GCC_VERSION = "";
				INFOPLIST_FILE = "TreasureHunt/TreasureHunt-Info.plist";
				IPHONEOS_DEPLOYMENT_TARGET = 8.0;
				LD_RUNPATH_SEARCH_PATHS = "@executable_path/Frameworks";
				TARGETED_DEVICE_FAMILY = "1,2";
				PRODUCT_NAME = "TreasureHunt";
				FRAMEWORK_SEARCH_PATHS = (
					"$(inherited)",
					"\"TreasureHunt/Plugins/com.googlemaps.ios\"",
					"\"TreasureHunt/Plugins/com.googlemaps.ios\"",
					"\"TreasureHunt/Plugins/com.googlemaps.ios\"",
				);
			};
			name = Debug;
		};
		1D6058950D05DD3E006BFB54 /* Release */ = {
			isa = XCBuildConfiguration;
			baseConfigurationReference = 3047A5101AB8059700498E2A /* build-release.xcconfig */;
			buildSettings = {
				ALWAYS_SEARCH_USER_PATHS = NO;
				ASSETCATALOG_COMPILER_APPICON_NAME = AppIcon;
				ASSETCATALOG_COMPILER_LAUNCHIMAGE_NAME = LaunchImage;
				CLANG_ENABLE_MODULES = YES;
				CLANG_ENABLE_OBJC_ARC = YES;
				COPY_PHASE_STRIP = YES;
				GCC_PRECOMPILE_PREFIX_HEADER = YES;
				GCC_PREFIX_HEADER = "TreasureHunt/TreasureHunt-Prefix.pch";
				GCC_THUMB_SUPPORT = NO;
				GCC_VERSION = "";
				INFOPLIST_FILE = "TreasureHunt/TreasureHunt-Info.plist";
				IPHONEOS_DEPLOYMENT_TARGET = 8.0;
				LD_RUNPATH_SEARCH_PATHS = "@executable_path/Frameworks";
				TARGETED_DEVICE_FAMILY = "1,2";
				PRODUCT_NAME = "TreasureHunt";
				FRAMEWORK_SEARCH_PATHS = (
					"$(inherited)",
					"\"TreasureHunt/Plugins/com.googlemaps.ios\"",
					"\"TreasureHunt/Plugins/com.googlemaps.ios\"",
					"\"TreasureHunt/Plugins/com.googlemaps.ios\"",
				);
			};
			name = Release;
		};
		C01FCF4F08A954540054247B /* Debug */ = {
			isa = XCBuildConfiguration;
			baseConfigurationReference = 3047A5111AB8059700498E2A /* build.xcconfig */;
			buildSettings = {
				CLANG_ENABLE_MODULES = YES;
				CLANG_ENABLE_OBJC_ARC = YES;
				CLANG_WARN_BOOL_CONVERSION = YES;
				CLANG_WARN_CONSTANT_CONVERSION = YES;
				CLANG_WARN_EMPTY_BODY = YES;
				CLANG_WARN_ENUM_CONVERSION = YES;
				CLANG_WARN_INT_CONVERSION = YES;
				CLANG_WARN__DUPLICATE_METHOD_MATCH = YES;
				GCC_C_LANGUAGE_STANDARD = c99;
				GCC_THUMB_SUPPORT = NO;
				GCC_VERSION = "";
				GCC_WARN_ABOUT_RETURN_TYPE = YES;
				GCC_WARN_UNDECLARED_SELECTOR = YES;
				GCC_WARN_UNINITIALIZED_AUTOS = YES;
				GCC_WARN_UNUSED_FUNCTION = YES;
				GCC_WARN_UNUSED_VARIABLE = YES;
				ONLY_ACTIVE_ARCH = YES;
				SDKROOT = iphoneos;
				SKIP_INSTALL = NO;
			};
			name = Debug;
		};
		C01FCF5008A954540054247B /* Release */ = {
			isa = XCBuildConfiguration;
			baseConfigurationReference = 3047A5111AB8059700498E2A /* build.xcconfig */;
			buildSettings = {
				CLANG_ENABLE_MODULES = YES;
				CLANG_ENABLE_OBJC_ARC = YES;
				CLANG_WARN_BOOL_CONVERSION = YES;
				CLANG_WARN_CONSTANT_CONVERSION = YES;
				CLANG_WARN_EMPTY_BODY = YES;
				CLANG_WARN_ENUM_CONVERSION = YES;
				CLANG_WARN_INT_CONVERSION = YES;
				CLANG_WARN__DUPLICATE_METHOD_MATCH = YES;
				GCC_C_LANGUAGE_STANDARD = c99;
				GCC_THUMB_SUPPORT = NO;
				GCC_VERSION = "";
				GCC_WARN_ABOUT_RETURN_TYPE = YES;
				GCC_WARN_UNDECLARED_SELECTOR = YES;
				GCC_WARN_UNINITIALIZED_AUTOS = YES;
				GCC_WARN_UNUSED_FUNCTION = YES;
				GCC_WARN_UNUSED_VARIABLE = YES;
				SDKROOT = iphoneos;
				SKIP_INSTALL = NO;
			};
			name = Release;
		};
/* End XCBuildConfiguration section */

/* Begin XCConfigurationList section */
		1D6058960D05DD3E006BFB54 /* Build configuration list for PBXNativeTarget "TreasureHunt" */ = {
			isa = XCConfigurationList;
			buildConfigurations = (
				1D6058940D05DD3E006BFB54 /* Debug */,
				1D6058950D05DD3E006BFB54 /* Release */,
			);
			defaultConfigurationIsVisible = 0;
			defaultConfigurationName = Release;
		};
		C01FCF4E08A954540054247B /* Build configuration list for PBXProject "__NON-CLI__" */ = {
			isa = XCConfigurationList;
			buildConfigurations = (
				C01FCF4F08A954540054247B /* Debug */,
				C01FCF5008A954540054247B /* Release */,
			);
			defaultConfigurationIsVisible = 0;
			defaultConfigurationName = Release;
		};
/* End XCConfigurationList section */
	};
	rootObject = 29B97313FDCFA39411CA2CEA /* Project object */;
}
